github.com/google/uuid v1.6.0 h1:NIvaJDMOsjHA8n1jAhLSgzrAzy1Hgr+hNrb57e+94F0=
github.com/google/uuid v1.6.0/go.mod h1:TIyPZe4MgqvfeYDBFedMoGGpEw/LqOeaOT+nhxU+yHo=
github.com/mixpanel/mixpanel-go v1.2.1 h1:iykbHKomTJjVoWU95Vt1sjZy4HLt8UOYacMEEEMFBok=
github.com/mixpanel/mixpanel-go v1.2.1/go.mod h1:mPGaNhBoZMJuLu8k7Y1KhU5n8Vw13rxQZZjHj+b9RLk=
